
Microsoft Visual Studio Solution File, Format Version 12.00
# Visual Studio Version 16
VisualStudioVersion = 16.0.29403.142
MinimumVisualStudioVersion = 10.0.40219.1
Project("{FAE04EC0-301F-11D3-BF4B-00C04F79EFBC}") = "Networking_Game", "Networking_Game\Networking_Game.csproj", "{E7A272AB-238B-4D36-AF1D-2963D613C34E}"
	ProjectSection(ProjectDependencies) = postProject
		{05155AFA-E5CD-4E7C-822D-875AD6C3AE6A} = {05155AFA-E5CD-4E7C-822D-875AD6C3AE6A}
	EndProjectSection
EndProject
Project("{FAE04EC0-301F-11D3-BF4B-00C04F79EFBC}") = "Tools_XNA_dotNET_Framework", "..\Alexander_Tools\Tools_XNA_dotNET_Framework\Tools_XNA_dotNET_Framework\Tools_XNA_dotNET_Framework.csproj", "{268B980E-2C5D-4F8F-A578-18FFDF6FB1BE}"
EndProject
Project("{FAE04EC0-301F-11D3-BF4B-00C04F79EFBC}") = "ProcessRestartHelper", "..\ProcessRestartHelper\ProcessRestartHelper.csproj", "{05155AFA-E5CD-4E7C-822D-875AD6C3AE6A}"
EndProject
Project("{FAE04EC0-301F-11D3-BF4B-00C04F79EFBC}") = "GameServer", "GameServer\GameServer.csproj", "{3E65076E-09EF-4F08-9D21-6F2FD953896F}"
EndProject
Project("{FAE04EC0-301F-11D3-BF4B-00C04F79EFBC}") = "GamePeer2Peer", "GamePeer2Peer\GamePeer2Peer.csproj", "{168613B1-9758-4F14-9498-68F7233B5F8C}"
EndProject
Project("{FAE04EC0-301F-11D3-BF4B-00C04F79EFBC}") = "GameLocal", "GameLocal\GameLocal.csproj", "{05B8CB24-FD6B-4761-86BA-2F759F0646BC}"
EndProject
Project("{FAE04EC0-301F-11D3-BF4B-00C04F79EFBC}") = "GameClient", "GameClient\GameClient.csproj", "{420FD732-D4A0-4826-A52E-6BD119936F69}"
EndProject
Project("{FAE04EC0-301F-11D3-BF4B-00C04F79EFBC}") = "ServerHub", "ServerHub\ServerHub.csproj", "{AD6A5649-78DD-4EC5-A78B-B974E8137316}"
EndProject
Global
	GlobalSection(SolutionConfigurationPlatforms) = preSolution
		Debug|Any CPU = Debug|Any CPU
		Debug|x86 = Debug|x86
		Release|Any CPU = Release|Any CPU
		Release|x86 = Release|x86
	EndGlobalSection
	GlobalSection(ProjectConfigurationPlatforms) = postSolution
		{E7A272AB-238B-4D36-AF1D-2963D613C34E}.Debug|Any CPU.ActiveCfg = Debug|x86
		{E7A272AB-238B-4D36-AF1D-2963D613C34E}.Debug|x86.ActiveCfg = Debug|x86
		{E7A272AB-238B-4D36-AF1D-2963D613C34E}.Debug|x86.Build.0 = Debug|x86
		{E7A272AB-238B-4D36-AF1D-2963D613C34E}.Release|Any CPU.ActiveCfg = Release|x86
		{E7A272AB-238B-4D36-AF1D-2963D613C34E}.Release|x86.ActiveCfg = Release|x86
		{E7A272AB-238B-4D36-AF1D-2963D613C34E}.Release|x86.Build.0 = Release|x86
		{268B980E-2C5D-4F8F-A578-18FFDF6FB1BE}.Debug|Any CPU.ActiveCfg = Debug|Any CPU
		{268B980E-2C5D-4F8F-A578-18FFDF6FB1BE}.Debug|Any CPU.Build.0 = Debug|Any CPU
		{268B980E-2C5D-4F8F-A578-18FFDF6FB1BE}.Debug|x86.ActiveCfg = Debug|Any CPU
		{268B980E-2C5D-4F8F-A578-18FFDF6FB1BE}.Debug|x86.Build.0 = Debug|Any CPU
		{268B980E-2C5D-4F8F-A578-18FFDF6FB1BE}.Release|Any CPU.ActiveCfg = Release|Any CPU
		{268B980E-2C5D-4F8F-A578-18FFDF6FB1BE}.Release|Any CPU.Build.0 = Release|Any CPU
		{268B980E-2C5D-4F8F-A578-18FFDF6FB1BE}.Release|x86.ActiveCfg = Release|Any CPU
		{268B980E-2C5D-4F8F-A578-18FFDF6FB1BE}.Release|x86.Build.0 = Release|Any CPU
		{05155AFA-E5CD-4E7C-822D-875AD6C3AE6A}.Debug|Any CPU.ActiveCfg = Debug|Any CPU
		{05155AFA-E5CD-4E7C-822D-875AD6C3AE6A}.Debug|Any CPU.Build.0 = Debug|Any CPU
		{05155AFA-E5CD-4E7C-822D-875AD6C3AE6A}.Debug|x86.ActiveCfg = Debug|Any CPU
		{05155AFA-E5CD-4E7C-822D-875AD6C3AE6A}.Debug|x86.Build.0 = Debug|Any CPU
		{05155AFA-E5CD-4E7C-822D-875AD6C3AE6A}.Release|Any CPU.ActiveCfg = Release|Any CPU
		{05155AFA-E5CD-4E7C-822D-875AD6C3AE6A}.Release|Any CPU.Build.0 = Release|Any CPU
		{05155AFA-E5CD-4E7C-822D-875AD6C3AE6A}.Release|x86.ActiveCfg = Release|Any CPU
		{05155AFA-E5CD-4E7C-822D-875AD6C3AE6A}.Release|x86.Build.0 = Release|Any CPU
		{3E65076E-09EF-4F08-9D21-6F2FD953896F}.Debug|Any CPU.ActiveCfg = Debug|Any CPU
		{3E65076E-09EF-4F08-9D21-6F2FD953896F}.Debug|Any CPU.Build.0 = Debug|Any CPU
		{3E65076E-09EF-4F08-9D21-6F2FD953896F}.Debug|x86.ActiveCfg = Debug|Any CPU
		{3E65076E-09EF-4F08-9D21-6F2FD953896F}.Debug|x86.Build.0 = Debug|Any CPU
		{3E65076E-09EF-4F08-9D21-6F2FD953896F}.Release|Any CPU.ActiveCfg = Release|Any CPU
		{3E65076E-09EF-4F08-9D21-6F2FD953896F}.Release|Any CPU.Build.0 = Release|Any CPU
		{3E65076E-09EF-4F08-9D21-6F2FD953896F}.Release|x86.ActiveCfg = Release|Any CPU
		{3E65076E-09EF-4F08-9D21-6F2FD953896F}.Release|x86.Build.0 = Release|Any CPU
		{168613B1-9758-4F14-9498-68F7233B5F8C}.Debug|Any CPU.ActiveCfg = Debug|x86
		{168613B1-9758-4F14-9498-68F7233B5F8C}.Debug|x86.ActiveCfg = Debug|x86
		{168613B1-9758-4F14-9498-68F7233B5F8C}.Debug|x86.Build.0 = Debug|x86
		{168613B1-9758-4F14-9498-68F7233B5F8C}.Release|Any CPU.ActiveCfg = Release|x86
		{168613B1-9758-4F14-9498-68F7233B5F8C}.Release|x86.ActiveCfg = Release|x86
		{168613B1-9758-4F14-9498-68F7233B5F8C}.Release|x86.Build.0 = Release|x86
		{05B8CB24-FD6B-4761-86BA-2F759F0646BC}.Debug|Any CPU.ActiveCfg = Debug|x86
		{05B8CB24-FD6B-4761-86BA-2F759F0646BC}.Debug|x86.ActiveCfg = Debug|x86
		{05B8CB24-FD6B-4761-86BA-2F759F0646BC}.Debug|x86.Build.0 = Debug|x86
		{05B8CB24-FD6B-4761-86BA-2F759F0646BC}.Release|Any CPU.ActiveCfg = Release|x86
		{05B8CB24-FD6B-4761-86BA-2F759F0646BC}.Release|x86.ActiveCfg = Release|x86
		{05B8CB24-FD6B-4761-86BA-2F759F0646BC}.Release|x86.Build.0 = Release|x86
		{420FD732-D4A0-4826-A52E-6BD119936F69}.Debug|Any CPU.ActiveCfg = Debug|Any CPU
		{420FD732-D4A0-4826-A52E-6BD119936F69}.Debug|Any CPU.Build.0 = Debug|Any CPU
		{420FD732-D4A0-4826-A52E-6BD119936F69}.Debug|x86.ActiveCfg = Debug|Any CPU
		{420FD732-D4A0-4826-A52E-6BD119936F69}.Debug|x86.Build.0 = Debug|Any CPU
		{420FD732-D4A0-4826-A52E-6BD119936F69}.Release|Any CPU.ActiveCfg = Release|Any CPU
		{420FD732-D4A0-4826-A52E-6BD119936F69}.Release|Any CPU.Build.0 = Release|Any CPU
		{420FD732-D4A0-4826-A52E-6BD119936F69}.Release|x86.ActiveCfg = Release|Any CPU
		{420FD732-D4A0-4826-A52E-6BD119936F69}.Release|x86.Build.0 = Release|Any CPU
		{AD6A5649-78DD-4EC5-A78B-B974E8137316}.Debug|Any CPU.ActiveCfg = Debug|Any CPU
		{AD6A5649-78DD-4EC5-A78B-B974E8137316}.Debug|Any CPU.Build.0 = Debug|Any CPU
		{AD6A5649-78DD-4EC5-A78B-B974E8137316}.Debug|x86.ActiveCfg = Debug|Any CPU
		{AD6A5649-78DD-4EC5-A78B-B974E8137316}.Debug|x86.Build.0 = Debug|Any CPU
		{AD6A5649-78DD-4EC5-A78B-B974E8137316}.Release|Any CPU.ActiveCfg = Release|Any CPU
		{AD6A5649-78DD-4EC5-A78B-B974E8137316}.Release|Any CPU.Build.0 = Release|Any CPU
		{AD6A5649-78DD-4EC5-A78B-B974E8137316}.Release|x86.ActiveCfg = Release|Any CPU
		{AD6A5649-78DD-4EC5-A78B-B974E8137316}.Release|x86.Build.0 = Release|Any CPU
	EndGlobalSection
	GlobalSection(SolutionProperties) = preSolution
		HideSolutionNode = FALSE
	EndGlobalSection
	GlobalSection(ExtensibilityGlobals) = postSolution
		SolutionGuid = {3CBA1F71-E0E4-42C2-A8F8-377A8EF69B53}
	EndGlobalSection
EndGlobal
